<?xml version="1.0" encoding="utf-8"?>
<Project ToolsVersion="4.0" xmlns="http://schemas.microsoft.com/developer/msbuild/2003">
  <ItemGroup>
    <Filter Include="Source Files">
      <UniqueIdentifier>{4FC737F1-C7A5-4376-A066-2A32D752A2FF}</UniqueIdentifier>
      <Extensions>cpp;c;cc;cxx;c++;cppm;ixx;def;odl;idl;hpj;bat;asm;asmx</Extensions>
    </Filter>
    <Filter Include="Header Files">
      <UniqueIdentifier>{93995380-89BD-4b04-88EB-625FBE52EBFB}</UniqueIdentifier>
      <Extensions>h;hh;hpp;hxx;h++;hm;inl;inc;ipp;xsd</Extensions>
    </Filter>
    <Filter Include="Resource Files">
      <UniqueIdentifier>{67DA6AB6-F800-4c08-8B7A-83BB121AAD01}</UniqueIdentifier>
      <Extensions>rc;ico;cur;bmp;dlg;rc2;rct;bin;rgs;gif;jpg;jpeg;jpe;resx;tiff;tif;png;wav;mfcribbon-ms</Extensions>
    </Filter>
    <Filter Include="Source Files\Перессылка Данных">
      <UniqueIdentifier>{519e6212-ed79-4130-b500-82ef4f7830aa}</UniqueIdentifier>
    </Filter>
    <Filter Include="Source Files\Процессы и Ранги">
      <UniqueIdentifier>{a22d402d-2d85-44c4-a244-2a5bc30d57c2}</UniqueIdentifier>
    </Filter>
  </ItemGroup>
  <ItemGroup>
    <ClCompile Include="..\пересылка данных\1.cpp">
      <Filter>Source Files\Перессылка Данных</Filter>
    </ClCompile>
    <ClCompile Include="..\пересылка данных\3.cpp">
      <Filter>Source Files\Перессылка Данных</Filter>
    </ClCompile>
    <ClCompile Include="..\пересылка данных\4.cpp">
      <Filter>Source Files\Перессылка Данных</Filter>
    </ClCompile>
    <ClCompile Include="..\пересылка данных\5.cpp">
      <Filter>Source Files\Перессылка Данных</Filter>
    </ClCompile>
    <ClCompile Include="..\пересылка данных\6.cpp">
      <Filter>Source Files\Перессылка Данных</Filter>
    </ClCompile>
    <ClCompile Include="..\процессы и ранги\1.cpp">
      <Filter>Source Files\Процессы и Ранги</Filter>
    </ClCompile>
    <ClCompile Include="..\процессы и ранги\2.cpp">
      <Filter>Source Files\Процессы и Ранги</Filter>
    </ClCompile>
    <ClCompile Include="..\процессы и ранги\3.cpp">
      <Filter>Source Files\Процессы и Ранги</Filter>
    </ClCompile>
    <ClCompile Include="..\процессы и ранги\4.cpp">
      <Filter>Source Files\Процессы и Ранги</Filter>
    </ClCompile>
    <ClCompile Include="..\процессы и ранги\5.cpp">
      <Filter>Source Files\Процессы и Ранги</Filter>
    </ClCompile>
    <ClCompile Include="..\процессы и ранги\6.cpp">
      <Filter>Source Files\Процессы и Ранги</Filter>
    </ClCompile>
    <ClCompile Include="..\пересылка данных\2.cpp">
      <Filter>Source Files\Перессылка Данных</Filter>
    </ClCompile>
  </ItemGroup>
</Project>